# THIS IS AN AUTOGENERATED FILE. DO NOT EDIT THIS FILE DIRECTLY.
# yarn lockfile v1


lodash-es@^4.17.14:
  version "4.17.14"
  resolved "https://registry.yarnpkg.com/lodash-es/-/lodash-es-4.17.14.tgz#12a95a963cc5955683cee3b74e85458954f37ecc"
  integrity sha512-7zchRrGa8UZXjD/4ivUWP1867jDkhzTG2c/uj739utSd7O/pFFdxspCemIFKEEjErbcqRzn8nKnGsi7mvTgRPA==
